
Microsoft Visual Studio Solution File, Format Version 12.00
# Visual Studio Version 16
VisualStudioVersion = 16.0.29025.244
MinimumVisualStudioVersion = 10.0.40219.1
Project("{9A19103F-16F7-4668-BE54-9A1E7A4F7556}") = "WebStore", "WebStoreASP\WebStore.csproj", "{AB551874-F414-4D20-BF96-168801BAFBC5}"
EndProject
Project("{9A19103F-16F7-4668-BE54-9A1E7A4F7556}") = "WebStoreTests", "Tests\WebStoreTests\WebStoreTests.csproj", "{E90448EB-64F2-44E4-ACFD-13A0DD0229DC}"
EndProject
Project("{2150E333-8FDC-42A3-9474-1A3956D46DE8}") = "Tests", "Tests", "{C430DABF-5CB5-40B4-8866-E441DB3D4A88}"
EndProject
Project("{9A19103F-16F7-4668-BE54-9A1E7A4F7556}") = "WebStore.Model", "WebStore.Model\WebStore.Model.csproj", "{96538742-70CE-440E-B3F8-1308EFF97CEF}"
EndProject
Project("{9A19103F-16F7-4668-BE54-9A1E7A4F7556}") = "WebStore.DAL", "WebStore.DAL\WebStore.DAL.csproj", "{A5FA6336-0572-400E-B3A4-BD4A399B0063}"
EndProject
Global
	GlobalSection(SolutionConfigurationPlatforms) = preSolution
		Debug|Any CPU = Debug|Any CPU
		Release|Any CPU = Release|Any CPU
	EndGlobalSection
	GlobalSection(ProjectConfigurationPlatforms) = postSolution
		{AB551874-F414-4D20-BF96-168801BAFBC5}.Debug|Any CPU.ActiveCfg = Debug|Any CPU
		{AB551874-F414-4D20-BF96-168801BAFBC5}.Debug|Any CPU.Build.0 = Debug|Any CPU
		{AB551874-F414-4D20-BF96-168801BAFBC5}.Release|Any CPU.ActiveCfg = Release|Any CPU
		{AB551874-F414-4D20-BF96-168801BAFBC5}.Release|Any CPU.Build.0 = Release|Any CPU
		{E90448EB-64F2-44E4-ACFD-13A0DD0229DC}.Debug|Any CPU.ActiveCfg = Debug|Any CPU
		{E90448EB-64F2-44E4-ACFD-13A0DD0229DC}.Debug|Any CPU.Build.0 = Debug|Any CPU
		{E90448EB-64F2-44E4-ACFD-13A0DD0229DC}.Release|Any CPU.ActiveCfg = Release|Any CPU
		{E90448EB-64F2-44E4-ACFD-13A0DD0229DC}.Release|Any CPU.Build.0 = Release|Any CPU
		{96538742-70CE-440E-B3F8-1308EFF97CEF}.Debug|Any CPU.ActiveCfg = Debug|Any CPU
		{96538742-70CE-440E-B3F8-1308EFF97CEF}.Debug|Any CPU.Build.0 = Debug|Any CPU
		{96538742-70CE-440E-B3F8-1308EFF97CEF}.Release|Any CPU.ActiveCfg = Release|Any CPU
		{96538742-70CE-440E-B3F8-1308EFF97CEF}.Release|Any CPU.Build.0 = Release|Any CPU
		{A5FA6336-0572-400E-B3A4-BD4A399B0063}.Debug|Any CPU.ActiveCfg = Debug|Any CPU
		{A5FA6336-0572-400E-B3A4-BD4A399B0063}.Debug|Any CPU.Build.0 = Debug|Any CPU
		{A5FA6336-0572-400E-B3A4-BD4A399B0063}.Release|Any CPU.ActiveCfg = Release|Any CPU
		{A5FA6336-0572-400E-B3A4-BD4A399B0063}.Release|Any CPU.Build.0 = Release|Any CPU
	EndGlobalSection
	GlobalSection(SolutionProperties) = preSolution
		HideSolutionNode = FALSE
	EndGlobalSection
	GlobalSection(NestedProjects) = preSolution
		{E90448EB-64F2-44E4-ACFD-13A0DD0229DC} = {C430DABF-5CB5-40B4-8866-E441DB3D4A88}
	EndGlobalSection
	GlobalSection(ExtensibilityGlobals) = postSolution
		SolutionGuid = {73BF95A8-4964-4CA5-A9AF-2C899EAB0ACF}
	EndGlobalSection
EndGlobal
