
Microsoft Visual Studio Solution File, Format Version 12.00
# Visual Studio Version 16
VisualStudioVersion = 16.0.29025.244
MinimumVisualStudioVersion = 10.0.40219.1
Project("{9A19103F-16F7-4668-BE54-9A1E7A4F7556}") = "WebStoreTests", "Tests\WebStoreTests\WebStoreTests.csproj", "{E90448EB-64F2-44E4-ACFD-13A0DD0229DC}"
EndProject
Project("{2150E333-8FDC-42A3-9474-1A3956D46DE8}") = "Tests", "Tests", "{C430DABF-5CB5-40B4-8866-E441DB3D4A88}"
EndProject
Project("{2150E333-8FDC-42A3-9474-1A3956D46DE8}") = "UI", "UI", "{F08D2510-B9B6-49AE-87B7-217301A44169}"
EndProject
Project("{2150E333-8FDC-42A3-9474-1A3956D46DE8}") = "Services", "Services", "{A1E6BBD9-D758-4F97-BC7E-2430D128ED9A}"
EndProject
Project("{2150E333-8FDC-42A3-9474-1A3956D46DE8}") = "Common", "Common", "{E215FAAB-BB63-4F39-899A-2D26A5816086}"
EndProject
Project("{9A19103F-16F7-4668-BE54-9A1E7A4F7556}") = "WebStore.Domain", "Common\WebStore.Model\WebStore.Domain.csproj", "{73243C35-70EC-4BF1-88AC-06AD1B8A4232}"
EndProject
Project("{9A19103F-16F7-4668-BE54-9A1E7A4F7556}") = "WebStore.DAL", "Services\WebStore.DAL\WebStore.DAL.csproj", "{BABFD63C-D00C-4FDA-A0A4-903942A5FBA2}"
EndProject
Project("{9A19103F-16F7-4668-BE54-9A1E7A4F7556}") = "WebStore", "UI\WebStoreASP\WebStore.csproj", "{8E71C939-55C9-41B1-A8C3-B44DAB1294B9}"
EndProject
Project("{FAE04EC0-301F-11D3-BF4B-00C04F79EFBC}") = "WebStore.Interfaces", "Services\WebStore.Interfaces\WebStore.Interfaces.csproj", "{3C055607-6CE4-4ED3-A1DA-61E30F90C3DD}"
EndProject
Project("{FAE04EC0-301F-11D3-BF4B-00C04F79EFBC}") = "WebStore.Services", "Services\WebStore.Services\WebStore.Services.csproj", "{2BBCCE75-D2E7-4839-AF63-AB85F8F7250F}"
EndProject
Project("{FAE04EC0-301F-11D3-BF4B-00C04F79EFBC}") = "WebStore.ServiceHosting", "Services\WebStore.ServiceHosting\WebStore.ServiceHosting.csproj", "{D06A8799-EDB5-41B6-99DF-3F3ABD496053}"
EndProject
Project("{FAE04EC0-301F-11D3-BF4B-00C04F79EFBC}") = "WebStore.Clients", "Services\WebStore.Clients\WebStore.Clients.csproj", "{D5E9B3C3-A489-43B3-B008-1255BF04FCED}"
EndProject
Global
	GlobalSection(SolutionConfigurationPlatforms) = preSolution
		Debug|Any CPU = Debug|Any CPU
		Release|Any CPU = Release|Any CPU
	EndGlobalSection
	GlobalSection(ProjectConfigurationPlatforms) = postSolution
		{E90448EB-64F2-44E4-ACFD-13A0DD0229DC}.Debug|Any CPU.ActiveCfg = Debug|Any CPU
		{E90448EB-64F2-44E4-ACFD-13A0DD0229DC}.Debug|Any CPU.Build.0 = Debug|Any CPU
		{E90448EB-64F2-44E4-ACFD-13A0DD0229DC}.Release|Any CPU.ActiveCfg = Release|Any CPU
		{E90448EB-64F2-44E4-ACFD-13A0DD0229DC}.Release|Any CPU.Build.0 = Release|Any CPU
		{73243C35-70EC-4BF1-88AC-06AD1B8A4232}.Debug|Any CPU.ActiveCfg = Debug|Any CPU
		{73243C35-70EC-4BF1-88AC-06AD1B8A4232}.Debug|Any CPU.Build.0 = Debug|Any CPU
		{73243C35-70EC-4BF1-88AC-06AD1B8A4232}.Release|Any CPU.ActiveCfg = Release|Any CPU
		{73243C35-70EC-4BF1-88AC-06AD1B8A4232}.Release|Any CPU.Build.0 = Release|Any CPU
		{BABFD63C-D00C-4FDA-A0A4-903942A5FBA2}.Debug|Any CPU.ActiveCfg = Debug|Any CPU
		{BABFD63C-D00C-4FDA-A0A4-903942A5FBA2}.Debug|Any CPU.Build.0 = Debug|Any CPU
		{BABFD63C-D00C-4FDA-A0A4-903942A5FBA2}.Release|Any CPU.ActiveCfg = Release|Any CPU
		{BABFD63C-D00C-4FDA-A0A4-903942A5FBA2}.Release|Any CPU.Build.0 = Release|Any CPU
		{8E71C939-55C9-41B1-A8C3-B44DAB1294B9}.Debug|Any CPU.ActiveCfg = Debug|Any CPU
		{8E71C939-55C9-41B1-A8C3-B44DAB1294B9}.Debug|Any CPU.Build.0 = Debug|Any CPU
		{8E71C939-55C9-41B1-A8C3-B44DAB1294B9}.Release|Any CPU.ActiveCfg = Release|Any CPU
		{8E71C939-55C9-41B1-A8C3-B44DAB1294B9}.Release|Any CPU.Build.0 = Release|Any CPU
		{3C055607-6CE4-4ED3-A1DA-61E30F90C3DD}.Debug|Any CPU.ActiveCfg = Debug|Any CPU
		{3C055607-6CE4-4ED3-A1DA-61E30F90C3DD}.Debug|Any CPU.Build.0 = Debug|Any CPU
		{3C055607-6CE4-4ED3-A1DA-61E30F90C3DD}.Release|Any CPU.ActiveCfg = Release|Any CPU
		{3C055607-6CE4-4ED3-A1DA-61E30F90C3DD}.Release|Any CPU.Build.0 = Release|Any CPU
		{2BBCCE75-D2E7-4839-AF63-AB85F8F7250F}.Debug|Any CPU.ActiveCfg = Debug|Any CPU
		{2BBCCE75-D2E7-4839-AF63-AB85F8F7250F}.Debug|Any CPU.Build.0 = Debug|Any CPU
		{2BBCCE75-D2E7-4839-AF63-AB85F8F7250F}.Release|Any CPU.ActiveCfg = Release|Any CPU
		{2BBCCE75-D2E7-4839-AF63-AB85F8F7250F}.Release|Any CPU.Build.0 = Release|Any CPU
		{D06A8799-EDB5-41B6-99DF-3F3ABD496053}.Debug|Any CPU.ActiveCfg = Debug|Any CPU
		{D06A8799-EDB5-41B6-99DF-3F3ABD496053}.Debug|Any CPU.Build.0 = Debug|Any CPU
		{D06A8799-EDB5-41B6-99DF-3F3ABD496053}.Release|Any CPU.ActiveCfg = Release|Any CPU
		{D06A8799-EDB5-41B6-99DF-3F3ABD496053}.Release|Any CPU.Build.0 = Release|Any CPU
		{D5E9B3C3-A489-43B3-B008-1255BF04FCED}.Debug|Any CPU.ActiveCfg = Debug|Any CPU
		{D5E9B3C3-A489-43B3-B008-1255BF04FCED}.Debug|Any CPU.Build.0 = Debug|Any CPU
		{D5E9B3C3-A489-43B3-B008-1255BF04FCED}.Release|Any CPU.ActiveCfg = Release|Any CPU
		{D5E9B3C3-A489-43B3-B008-1255BF04FCED}.Release|Any CPU.Build.0 = Release|Any CPU
	EndGlobalSection
	GlobalSection(SolutionProperties) = preSolution
		HideSolutionNode = FALSE
	EndGlobalSection
	GlobalSection(NestedProjects) = preSolution
		{E90448EB-64F2-44E4-ACFD-13A0DD0229DC} = {C430DABF-5CB5-40B4-8866-E441DB3D4A88}
		{73243C35-70EC-4BF1-88AC-06AD1B8A4232} = {E215FAAB-BB63-4F39-899A-2D26A5816086}
		{BABFD63C-D00C-4FDA-A0A4-903942A5FBA2} = {A1E6BBD9-D758-4F97-BC7E-2430D128ED9A}
		{8E71C939-55C9-41B1-A8C3-B44DAB1294B9} = {F08D2510-B9B6-49AE-87B7-217301A44169}
		{3C055607-6CE4-4ED3-A1DA-61E30F90C3DD} = {A1E6BBD9-D758-4F97-BC7E-2430D128ED9A}
		{2BBCCE75-D2E7-4839-AF63-AB85F8F7250F} = {A1E6BBD9-D758-4F97-BC7E-2430D128ED9A}
		{D06A8799-EDB5-41B6-99DF-3F3ABD496053} = {A1E6BBD9-D758-4F97-BC7E-2430D128ED9A}
		{D5E9B3C3-A489-43B3-B008-1255BF04FCED} = {A1E6BBD9-D758-4F97-BC7E-2430D128ED9A}
	EndGlobalSection
	GlobalSection(ExtensibilityGlobals) = postSolution
		SolutionGuid = {73BF95A8-4964-4CA5-A9AF-2C899EAB0ACF}
	EndGlobalSection
EndGlobal
